
Microsoft Visual Studio Solution File, Format Version 12.00
# Visual Studio 15
VisualStudioVersion = 15.0.28307.645
MinimumVisualStudioVersion = 10.0.40219.1
Project("{FAE04EC0-301F-11D3-BF4B-00C04F79EFBC}") = "exercicio_02_ parte 04", "exercicio_02_ parte 04\exercicio_02_ parte 04.csproj", "{12A5F046-FBC5-4417-B788-E68F44D578AD}"
EndProject
Global
	GlobalSection(SolutionConfigurationPlatforms) = preSolution
		Debug|Any CPU = Debug|Any CPU
		Release|Any CPU = Release|Any CPU
	EndGlobalSection
	GlobalSection(ProjectConfigurationPlatforms) = postSolution
		{12A5F046-FBC5-4417-B788-E68F44D578AD}.Debug|Any CPU.ActiveCfg = Debug|Any CPU
		{12A5F046-FBC5-4417-B788-E68F44D578AD}.Debug|Any CPU.Build.0 = Debug|Any CPU
		{12A5F046-FBC5-4417-B788-E68F44D578AD}.Release|Any CPU.ActiveCfg = Release|Any CPU
		{12A5F046-FBC5-4417-B788-E68F44D578AD}.Release|Any CPU.Build.0 = Release|Any CPU
	EndGlobalSection
	GlobalSection(SolutionProperties) = preSolution
		HideSolutionNode = FALSE
	EndGlobalSection
	GlobalSection(ExtensibilityGlobals) = postSolution
		SolutionGuid = {54466021-16D5-47D5-A0D1-B37F00975851}
	EndGlobalSection
EndGlobal
